{
  "requires": true,
  "lockfileVersion": 1,
  "dependencies": {
    "body-parser": {
      "version": "1.19.0",
      "requires": {
        "bytes": "3.1.0",
        "content-type": "~1.0.4",
        "debug": "2.6.9",
        "depd": "~1.1.2",
        "http-errors": "1.7.2",
        "iconv-lite": "0.4.24",
        "on-finished": "~2.3.0",
        "qs": "6.7.0",
        "raw-body": "2.4.0",
        "type-is": "~1.6.17"
      }
    },
    "discord.js": {
      "version": "11.6.4",
      "requires": {
        "long": "^4.0.0",
        "prism-media": "^0.0.4",
        "snekfetch": "^3.6.4",
        "tweetnacl": "^1.0.0",
        "ws": "^6.0.0"
      }
    },
    "ejs": {
      "version": "3.1.3",
      "requires": {
        "jake": "^10.6.1"
      }
    },
    "express": {
      "version": "4.16.4",
      "requires": {
        "accepts": "~1.3.5",
        "array-flatten": "1.1.1",
        "body-parser": "1.18.3",
        "content-disposition": "0.5.2",
        "content-type": "~1.0.4",
        "cookie": "0.3.1",
        "cookie-signature": "1.0.6",
        "debug": "2.6.9",
        "depd": "~1.1.2",
        "encodeurl": "~1.0.2",
        "escape-html": "~1.0.3",
        "etag": "~1.8.1",
        "finalhandler": "1.1.1",
        "fresh": "0.5.2",
        "merge-descriptors": "1.0.1",
        "methods": "~1.1.2",
        "on-finished": "~2.3.0",
        "parseurl": "~1.3.2",
        "path-to-regexp": "0.1.7",
        "proxy-addr": "~2.0.4",
        "qs": "6.5.2",
        "range-parser": "~1.2.0",
        "safe-buffer": "5.1.2",
        "send": "0.16.2",
        "serve-static": "1.13.2",
        "setprototypeof": "1.1.0",
        "statuses": "~1.4.0",
        "type-is": "~1.6.16",
        "utils-merge": "1.0.1",
        "vary": "~1.1.2"
      }
    },
    "express-session": {
      "version": "1.17.1",
      "requires": {
        "cookie": "0.4.0",
        "cookie-signature": "1.0.6",
        "debug": "2.6.9",
        "depd": "~2.0.0",
        "on-headers": "~1.0.2",
        "parseurl": "~1.3.3",
        "safe-buffer": "5.2.0",
        "uid-safe": "~2.1.5"
      }
    },
    "helmet": {
      "version": "3.23.3",
      "requires": {
        "depd": "2.0.0",
        "dont-sniff-mimetype": "1.1.0",
        "feature-policy": "0.3.0",
        "helmet-crossdomain": "0.4.0",
        "helmet-csp": "2.10.0",
        "hide-powered-by": "1.1.0",
        "hpkp": "2.0.0",
        "hsts": "2.2.0",
        "nocache": "2.1.0",
        "referrer-policy": "1.2.0",
        "x-xss-protection": "1.3.0"
      }
    },
    "helms": {
      "version": "1.2.0"
    },
    "level-session-store": {
      "version": "2.2.0",
      "requires": {
        "json-stringify-safe": "^5.0.1"
      }
    },
    "marked": {
      "version": "1.1.1"
    },
    "moment": {
      "version": "2.27.0"
    },
    "node-fetch": {
      "version": "2.6.0"
    },
    "passport": {
      "version": "0.4.1",
      "requires": {
        "passport-strategy": "1.x.x",
        "pause": "0.0.1"
      }
    },
    "passport-discord": {
      "version": "0.1.4",
      "requires": {
        "passport-oauth2": "^1.5.0"
      }
    },
    "path": {
      "version": "0.12.7",
      "requires": {
        "process": "^0.11.1",
        "util": "^0.10.3"
      }
    },
    "quick.db": {
      "version": "7.1.1",
      "requires": {
        "better-sqlite3": "^6.0.1",
        "lodash": "4.17.15"
      }
    },
    "request": {
      "version": "2.88.2",
      "requires": {
        "aws-sign2": "~0.7.0",
        "aws4": "^1.8.0",
        "caseless": "~0.12.0",
        "combined-stream": "~1.0.6",
        "extend": "~3.0.2",
        "forever-agent": "~0.6.1",
        "form-data": "~2.3.2",
        "har-validator": "~5.1.3",
        "http-signature": "~1.2.0",
        "is-typedarray": "~1.0.0",
        "isstream": "~0.1.2",
        "json-stringify-safe": "~5.0.1",
        "mime-types": "~2.1.19",
        "oauth-sign": "~0.9.0",
        "performance-now": "^2.1.0",
        "qs": "~6.5.2",
        "safe-buffer": "^5.1.2",
        "tough-cookie": "~2.5.0",
        "tunnel-agent": "^0.6.0",
        "uuid": "^3.3.2"
      }
    },
    "url": {
      "version": "0.11.0",
      "requires": {
        "punycode": "1.3.2",
        "querystring": "0.2.0"
      }
    }
  }
}
